
Microsoft Visual Studio Solution File, Format Version 12.00
# Visual Studio Version 17
VisualStudioVersion = 17.3.32811.315
MinimumVisualStudioVersion = 10.0.40219.1
Project("{FAE04EC0-301F-11D3-BF4B-00C04F79EFBC}") = "TestApp", "TestApp.csproj", "{B9463C2F-ABE7-4514-96C9-4D41D5DF7861}"
EndProject
Global
	GlobalSection(SolutionConfigurationPlatforms) = preSolution
		Debug|Any CPU = Debug|Any CPU
		Release|Any CPU = Release|Any CPU
	EndGlobalSection
	GlobalSection(ProjectConfigurationPlatforms) = postSolution
		{B9463C2F-ABE7-4514-96C9-4D41D5DF7861}.Debug|Any CPU.ActiveCfg = Debug|Any CPU
		{B9463C2F-ABE7-4514-96C9-4D41D5DF7861}.Debug|Any CPU.Build.0 = Debug|Any CPU
		{B9463C2F-ABE7-4514-96C9-4D41D5DF7861}.Release|Any CPU.ActiveCfg = Release|Any CPU
		{B9463C2F-ABE7-4514-96C9-4D41D5DF7861}.Release|Any CPU.Build.0 = Release|Any CPU
	EndGlobalSection
	GlobalSection(SolutionProperties) = preSolution
		HideSolutionNode = FALSE
	EndGlobalSection
	GlobalSection(ExtensibilityGlobals) = postSolution
		SolutionGuid = {34BB8216-3E49-4F79-9654-0BD5BE7EABB3}
	EndGlobalSection
EndGlobal
